
Microsoft Visual Studio Solution File, Format Version 12.00
# Visual Studio Version 17
VisualStudioVersion = 17.3.32922.545
MinimumVisualStudioVersion = 10.0.40219.1
Project("{FAE04EC0-301F-11D3-BF4B-00C04F79EFBC}") = "VraagExamen1", "VraagExamen1.csproj", "{85EE95A8-E067-45F6-9D13-317DB6C88DED}"
EndProject
Global
	GlobalSection(SolutionConfigurationPlatforms) = preSolution
		Debug|Any CPU = Debug|Any CPU
		Release|Any CPU = Release|Any CPU
	EndGlobalSection
	GlobalSection(ProjectConfigurationPlatforms) = postSolution
		{85EE95A8-E067-45F6-9D13-317DB6C88DED}.Debug|Any CPU.ActiveCfg = Debug|Any CPU
		{85EE95A8-E067-45F6-9D13-317DB6C88DED}.Debug|Any CPU.Build.0 = Debug|Any CPU
		{85EE95A8-E067-45F6-9D13-317DB6C88DED}.Release|Any CPU.ActiveCfg = Release|Any CPU
		{85EE95A8-E067-45F6-9D13-317DB6C88DED}.Release|Any CPU.Build.0 = Release|Any CPU
	EndGlobalSection
	GlobalSection(SolutionProperties) = preSolution
		HideSolutionNode = FALSE
	EndGlobalSection
	GlobalSection(ExtensibilityGlobals) = postSolution
		SolutionGuid = {B46092F6-D7D8-4606-9A3C-2462E726C764}
	EndGlobalSection
EndGlobal
