
Microsoft Visual Studio Solution File, Format Version 12.00
# Visual Studio Version 17
VisualStudioVersion = 17.3.32922.545
MinimumVisualStudioVersion = 10.0.40219.1
Project("{FAE04EC0-301F-11D3-BF4B-00C04F79EFBC}") = "Oefening7_07", "Oefening7_07.csproj", "{7DA713F2-1A8E-4142-9E89-747FE7B66069}"
EndProject
Global
	GlobalSection(SolutionConfigurationPlatforms) = preSolution
		Debug|Any CPU = Debug|Any CPU
		Release|Any CPU = Release|Any CPU
	EndGlobalSection
	GlobalSection(ProjectConfigurationPlatforms) = postSolution
		{7DA713F2-1A8E-4142-9E89-747FE7B66069}.Debug|Any CPU.ActiveCfg = Debug|Any CPU
		{7DA713F2-1A8E-4142-9E89-747FE7B66069}.Debug|Any CPU.Build.0 = Debug|Any CPU
		{7DA713F2-1A8E-4142-9E89-747FE7B66069}.Release|Any CPU.ActiveCfg = Release|Any CPU
		{7DA713F2-1A8E-4142-9E89-747FE7B66069}.Release|Any CPU.Build.0 = Release|Any CPU
	EndGlobalSection
	GlobalSection(SolutionProperties) = preSolution
		HideSolutionNode = FALSE
	EndGlobalSection
	GlobalSection(ExtensibilityGlobals) = postSolution
		SolutionGuid = {38DD9E72-7504-41B7-9A55-38B8501DFDB6}
	EndGlobalSection
EndGlobal
